// !$*UTF8*$!
{
	archiveVersion = 1;
	classes = {
	};
	objectVersion = 55;
	objects = {

/* Begin PBXBuildFile section */
		966265352811046800CF37B1 /* main.cpp in Sources */ = {isa = PBXBuildFile; fileRef = 966265342811046800CF37B1 /* main.cpp */; };
		96626538281104AD00CF37B1 /* VkApp.cpp in Sources */ = {isa = PBXBuildFile; fileRef = 96626536281104AD00CF37B1 /* VkApp.cpp */; };
		966265462811073000CF37B1 /* VkPixelDevice.cpp in Sources */ = {isa = PBXBuildFile; fileRef = 966265442811073000CF37B1 /* VkPixelDevice.cpp */; };
		966265492811077F00CF37B1 /* VkPixelInstace.cpp in Sources */ = {isa = PBXBuildFile; fileRef = 966265472811077F00CF37B1 /* VkPixelInstace.cpp */; };
		9662654E28110AAB00CF37B1 /* VkPixelWindow.cpp in Sources */ = {isa = PBXBuildFile; fileRef = 9662654C28110AAA00CF37B1 /* VkPixelWindow.cpp */; };
		9662655128110AB600CF37B1 /* VkPixelSurface.cpp in Sources */ = {isa = PBXBuildFile; fileRef = 9662654F28110AB600CF37B1 /* VkPixelSurface.cpp */; };
		9662655428111CB200CF37B1 /* VkPixelSwapChain.cpp in Sources */ = {isa = PBXBuildFile; fileRef = 9662655228111CB200CF37B1 /* VkPixelSwapChain.cpp */; };
		9662655728112AD700CF37B1 /* VkPixelRenderPass.cpp in Sources */ = {isa = PBXBuildFile; fileRef = 9662655528112AD700CF37B1 /* VkPixelRenderPass.cpp */; };
		9662655A28112D4B00CF37B1 /* VkPixelShader.cpp in Sources */ = {isa = PBXBuildFile; fileRef = 9662655828112D4B00CF37B1 /* VkPixelShader.cpp */; };
		9662655D28112DC400CF37B1 /* VkPixelImage.cpp in Sources */ = {isa = PBXBuildFile; fileRef = 9662655B28112DC400CF37B1 /* VkPixelImage.cpp */; };
		9662656028112E0A00CF37B1 /* VkPixelCommandPool.cpp in Sources */ = {isa = PBXBuildFile; fileRef = 9662655E28112E0A00CF37B1 /* VkPixelCommandPool.cpp */; };
		9662656328112F7100CF37B1 /* VkPixelBuffer.cpp in Sources */ = {isa = PBXBuildFile; fileRef = 9662656128112F7100CF37B1 /* VkPixelBuffer.cpp */; };
		9662656628112F7F00CF37B1 /* VkPixelCommandBuffer.cpp in Sources */ = {isa = PBXBuildFile; fileRef = 9662656428112F7F00CF37B1 /* VkPixelCommandBuffer.cpp */; };
		9662656D2811402100CF37B1 /* VkPixelSampler.cpp in Sources */ = {isa = PBXBuildFile; fileRef = 9662656B2811402100CF37B1 /* VkPixelSampler.cpp */; };
		96626570281140A900CF37B1 /* VkPixelTexture.cpp in Sources */ = {isa = PBXBuildFile; fileRef = 9662656E281140A900CF37B1 /* VkPixelTexture.cpp */; };
		96626574281142B200CF37B1 /* VkPixelPipeline.cpp in Sources */ = {isa = PBXBuildFile; fileRef = 96626572281142B200CF37B1 /* VkPixelPipeline.cpp */; };
		966265772811445C00CF37B1 /* VkPixelFence.cpp in Sources */ = {isa = PBXBuildFile; fileRef = 966265752811445C00CF37B1 /* VkPixelFence.cpp */; };
		9662657A281144FD00CF37B1 /* VkPxielSemaphore.cpp in Sources */ = {isa = PBXBuildFile; fileRef = 96626578281144FD00CF37B1 /* VkPxielSemaphore.cpp */; };
		9662657E281145F500CF37B1 /* VkPixelDescriptor.cpp in Sources */ = {isa = PBXBuildFile; fileRef = 9662657C281145F500CF37B1 /* VkPixelDescriptor.cpp */; };
		966265812811465100CF37B1 /* VkPixelDescriptorPool.cpp in Sources */ = {isa = PBXBuildFile; fileRef = 9662657F2811465100CF37B1 /* VkPixelDescriptorPool.cpp */; };
		966265842811473C00CF37B1 /* VkPixelDescriptorSetLayout.cpp in Sources */ = {isa = PBXBuildFile; fileRef = 966265822811473C00CF37B1 /* VkPixelDescriptorSetLayout.cpp */; };
		96626587281147EA00CF37B1 /* VkPixelDescriptorSet.cpp in Sources */ = {isa = PBXBuildFile; fileRef = 96626585281147EA00CF37B1 /* VkPixelDescriptorSet.cpp */; };
		9662658A2811497B00CF37B1 /* VkPixelUniform.cpp in Sources */ = {isa = PBXBuildFile; fileRef = 966265882811497B00CF37B1 /* VkPixelUniform.cpp */; };
		9662658D28114B8400CF37B1 /* VkPixelModel.cpp in Sources */ = {isa = PBXBuildFile; fileRef = 9662658B28114B8400CF37B1 /* VkPixelModel.cpp */; };
		96AC9D7827EC56DF00E6127B /* libglfw.3.3.dylib in Frameworks */ = {isa = PBXBuildFile; fileRef = 96AC9D7727EC56DF00E6127B /* libglfw.3.3.dylib */; };
		96AC9D7A27EC572B00E6127B /* libvulkan.1.3.204.dylib in Frameworks */ = {isa = PBXBuildFile; fileRef = 96AC9D7927EC572B00E6127B /* libvulkan.1.3.204.dylib */; };
		96AC9D7C27EC573A00E6127B /* libvulkan.1.dylib in Frameworks */ = {isa = PBXBuildFile; fileRef = 96AC9D7B27EC573A00E6127B /* libvulkan.1.dylib */; };
		96AC9D7D27EC582900E6127B /* libvulkan.1.dylib in CopyFiles */ = {isa = PBXBuildFile; fileRef = 96AC9D7B27EC573A00E6127B /* libvulkan.1.dylib */; };
		96AC9D7E27EC582C00E6127B /* libvulkan.1.3.204.dylib in CopyFiles */ = {isa = PBXBuildFile; fileRef = 96AC9D7927EC572B00E6127B /* libvulkan.1.3.204.dylib */; };
		96AC9D7F27EC582E00E6127B /* libglfw.3.3.dylib in CopyFiles */ = {isa = PBXBuildFile; fileRef = 96AC9D7727EC56DF00E6127B /* libglfw.3.3.dylib */; };
		96AC9D8227EC59DC00E6127B /* libglfw.dylib in Frameworks */ = {isa = PBXBuildFile; fileRef = 96AC9D8027EC59DC00E6127B /* libglfw.dylib */; };
		96AC9D8327EC59DC00E6127B /* libglfw.3.dylib in Frameworks */ = {isa = PBXBuildFile; fileRef = 96AC9D8127EC59DC00E6127B /* libglfw.3.dylib */; };
		96AC9D8427EC59E200E6127B /* libglfw.3.dylib in CopyFiles */ = {isa = PBXBuildFile; fileRef = 96AC9D8127EC59DC00E6127B /* libglfw.3.dylib */; };
		96AC9D8527EC59E600E6127B /* libglfw.dylib in CopyFiles */ = {isa = PBXBuildFile; fileRef = 96AC9D8027EC59DC00E6127B /* libglfw.dylib */; };
/* End PBXBuildFile section */

/* Begin PBXCopyFilesBuildPhase section */
		96AC9D6A27EC560600E6127B /* CopyFiles */ = {
			isa = PBXCopyFilesBuildPhase;
			buildActionMask = 2147483647;
			dstPath = /usr/share/man/man1/;
			dstSubfolderSpec = 0;
			files = (
				96AC9D8527EC59E600E6127B /* libglfw.dylib in CopyFiles */,
				96AC9D8427EC59E200E6127B /* libglfw.3.dylib in CopyFiles */,
				96AC9D7F27EC582E00E6127B /* libglfw.3.3.dylib in CopyFiles */,
				96AC9D7E27EC582C00E6127B /* libvulkan.1.3.204.dylib in CopyFiles */,
				96AC9D7D27EC582900E6127B /* libvulkan.1.dylib in CopyFiles */,
			);
			runOnlyForDeploymentPostprocessing = 1;
		};
/* End PBXCopyFilesBuildPhase section */

/* Begin PBXFileReference section */
		966265342811046800CF37B1 /* main.cpp */ = {isa = PBXFileReference; lastKnownFileType = sourcecode.cpp.cpp; path = main.cpp; sourceTree = "<group>"; };
		96626536281104AD00CF37B1 /* VkApp.cpp */ = {isa = PBXFileReference; lastKnownFileType = sourcecode.cpp.cpp; path = VkApp.cpp; sourceTree = "<group>"; };
		96626537281104AD00CF37B1 /* VkApp.h */ = {isa = PBXFileReference; lastKnownFileType = sourcecode.c.h; path = VkApp.h; sourceTree = "<group>"; };
		966265412811054300CF37B1 /* bgra.jpg */ = {isa = PBXFileReference; lastKnownFileType = image.jpeg; path = bgra.jpg; sourceTree = "<group>"; };
		966265442811073000CF37B1 /* VkPixelDevice.cpp */ = {isa = PBXFileReference; lastKnownFileType = sourcecode.cpp.cpp; path = VkPixelDevice.cpp; sourceTree = "<group>"; };
		966265452811073000CF37B1 /* VkPixelDevice.h */ = {isa = PBXFileReference; lastKnownFileType = sourcecode.c.h; path = VkPixelDevice.h; sourceTree = "<group>"; };
		966265472811077F00CF37B1 /* VkPixelInstace.cpp */ = {isa = PBXFileReference; lastKnownFileType = sourcecode.cpp.cpp; path = VkPixelInstace.cpp; sourceTree = "<group>"; };
		966265482811077F00CF37B1 /* VkPixelInstace.h */ = {isa = PBXFileReference; lastKnownFileType = sourcecode.c.h; path = VkPixelInstace.h; sourceTree = "<group>"; };
		9662654B2811080800CF37B1 /* VkPixelBase.h */ = {isa = PBXFileReference; lastKnownFileType = sourcecode.c.h; path = VkPixelBase.h; sourceTree = "<group>"; };
		9662654C28110AAA00CF37B1 /* VkPixelWindow.cpp */ = {isa = PBXFileReference; lastKnownFileType = sourcecode.cpp.cpp; path = VkPixelWindow.cpp; sourceTree = "<group>"; };
		9662654D28110AAB00CF37B1 /* VkPixelWindow.h */ = {isa = PBXFileReference; lastKnownFileType = sourcecode.c.h; path = VkPixelWindow.h; sourceTree = "<group>"; };
		9662654F28110AB600CF37B1 /* VkPixelSurface.cpp */ = {isa = PBXFileReference; lastKnownFileType = sourcecode.cpp.cpp; path = VkPixelSurface.cpp; sourceTree = "<group>"; };
		9662655028110AB600CF37B1 /* VkPixelSurface.h */ = {isa = PBXFileReference; lastKnownFileType = sourcecode.c.h; path = VkPixelSurface.h; sourceTree = "<group>"; };
		9662655228111CB200CF37B1 /* VkPixelSwapChain.cpp */ = {isa = PBXFileReference; lastKnownFileType = sourcecode.cpp.cpp; path = VkPixelSwapChain.cpp; sourceTree = "<group>"; };
		9662655328111CB200CF37B1 /* VkPixelSwapChain.h */ = {isa = PBXFileReference; lastKnownFileType = sourcecode.c.h; path = VkPixelSwapChain.h; sourceTree = "<group>"; };
		9662655528112AD700CF37B1 /* VkPixelRenderPass.cpp */ = {isa = PBXFileReference; lastKnownFileType = sourcecode.cpp.cpp; path = VkPixelRenderPass.cpp; sourceTree = "<group>"; };
		9662655628112AD700CF37B1 /* VkPixelRenderPass.h */ = {isa = PBXFileReference; lastKnownFileType = sourcecode.c.h; path = VkPixelRenderPass.h; sourceTree = "<group>"; };
		9662655828112D4B00CF37B1 /* VkPixelShader.cpp */ = {isa = PBXFileReference; lastKnownFileType = sourcecode.cpp.cpp; path = VkPixelShader.cpp; sourceTree = "<group>"; };
		9662655928112D4B00CF37B1 /* VkPixelShader.h */ = {isa = PBXFileReference; lastKnownFileType = sourcecode.c.h; path = VkPixelShader.h; sourceTree = "<group>"; };
		9662655B28112DC400CF37B1 /* VkPixelImage.cpp */ = {isa = PBXFileReference; lastKnownFileType = sourcecode.cpp.cpp; path = VkPixelImage.cpp; sourceTree = "<group>"; };
		9662655C28112DC400CF37B1 /* VkPixelImage.h */ = {isa = PBXFileReference; lastKnownFileType = sourcecode.c.h; path = VkPixelImage.h; sourceTree = "<group>"; };
		9662655E28112E0A00CF37B1 /* VkPixelCommandPool.cpp */ = {isa = PBXFileReference; lastKnownFileType = sourcecode.cpp.cpp; path = VkPixelCommandPool.cpp; sourceTree = "<group>"; };
		9662655F28112E0A00CF37B1 /* VkPixelCommandPool.h */ = {isa = PBXFileReference; lastKnownFileType = sourcecode.c.h; path = VkPixelCommandPool.h; sourceTree = "<group>"; };
		9662656128112F7100CF37B1 /* VkPixelBuffer.cpp */ = {isa = PBXFileReference; lastKnownFileType = sourcecode.cpp.cpp; path = VkPixelBuffer.cpp; sourceTree = "<group>"; };
		9662656228112F7100CF37B1 /* VkPixelBuffer.h */ = {isa = PBXFileReference; lastKnownFileType = sourcecode.c.h; path = VkPixelBuffer.h; sourceTree = "<group>"; };
		9662656428112F7F00CF37B1 /* VkPixelCommandBuffer.cpp */ = {isa = PBXFileReference; lastKnownFileType = sourcecode.cpp.cpp; path = VkPixelCommandBuffer.cpp; sourceTree = "<group>"; };
		9662656528112F7F00CF37B1 /* VkPixelCommandBuffer.h */ = {isa = PBXFileReference; lastKnownFileType = sourcecode.c.h; path = VkPixelCommandBuffer.h; sourceTree = "<group>"; };
		9662656B2811402100CF37B1 /* VkPixelSampler.cpp */ = {isa = PBXFileReference; lastKnownFileType = sourcecode.cpp.cpp; path = VkPixelSampler.cpp; sourceTree = "<group>"; };
		9662656C2811402100CF37B1 /* VkPixelSampler.h */ = {isa = PBXFileReference; lastKnownFileType = sourcecode.c.h; path = VkPixelSampler.h; sourceTree = "<group>"; };
		9662656E281140A900CF37B1 /* VkPixelTexture.cpp */ = {isa = PBXFileReference; lastKnownFileType = sourcecode.cpp.cpp; path = VkPixelTexture.cpp; sourceTree = "<group>"; };
		9662656F281140A900CF37B1 /* VkPixelTexture.h */ = {isa = PBXFileReference; lastKnownFileType = sourcecode.c.h; path = VkPixelTexture.h; sourceTree = "<group>"; };
		96626571281140CA00CF37B1 /* stb_image.h */ = {isa = PBXFileReference; fileEncoding = 4; lastKnownFileType = sourcecode.c.h; name = stb_image.h; path = ../../../../Vulkan/vulkan/stb_image.h; sourceTree = "<group>"; };
		96626572281142B200CF37B1 /* VkPixelPipeline.cpp */ = {isa = PBXFileReference; lastKnownFileType = sourcecode.cpp.cpp; path = VkPixelPipeline.cpp; sourceTree = "<group>"; };
		96626573281142B200CF37B1 /* VkPixelPipeline.h */ = {isa = PBXFileReference; lastKnownFileType = sourcecode.c.h; path = VkPixelPipeline.h; sourceTree = "<group>"; };
		966265752811445C00CF37B1 /* VkPixelFence.cpp */ = {isa = PBXFileReference; lastKnownFileType = sourcecode.cpp.cpp; path = VkPixelFence.cpp; sourceTree = "<group>"; };
		966265762811445C00CF37B1 /* VkPixelFence.h */ = {isa = PBXFileReference; lastKnownFileType = sourcecode.c.h; path = VkPixelFence.h; sourceTree = "<group>"; };
		96626578281144FD00CF37B1 /* VkPxielSemaphore.cpp */ = {isa = PBXFileReference; lastKnownFileType = sourcecode.cpp.cpp; path = VkPxielSemaphore.cpp; sourceTree = "<group>"; };
		96626579281144FD00CF37B1 /* VkPxielSemaphore.h */ = {isa = PBXFileReference; lastKnownFileType = sourcecode.c.h; path = VkPxielSemaphore.h; sourceTree = "<group>"; };
		9662657C281145F500CF37B1 /* VkPixelDescriptor.cpp */ = {isa = PBXFileReference; lastKnownFileType = sourcecode.cpp.cpp; path = VkPixelDescriptor.cpp; sourceTree = "<group>"; };
		9662657D281145F500CF37B1 /* VkPixelDescriptor.h */ = {isa = PBXFileReference; lastKnownFileType = sourcecode.c.h; path = VkPixelDescriptor.h; sourceTree = "<group>"; };
		9662657F2811465100CF37B1 /* VkPixelDescriptorPool.cpp */ = {isa = PBXFileReference; lastKnownFileType = sourcecode.cpp.cpp; path = VkPixelDescriptorPool.cpp; sourceTree = "<group>"; };
		966265802811465100CF37B1 /* VkPixelDescriptorPool.h */ = {isa = PBXFileReference; lastKnownFileType = sourcecode.c.h; path = VkPixelDescriptorPool.h; sourceTree = "<group>"; };
		966265822811473C00CF37B1 /* VkPixelDescriptorSetLayout.cpp */ = {isa = PBXFileReference; lastKnownFileType = sourcecode.cpp.cpp; path = VkPixelDescriptorSetLayout.cpp; sourceTree = "<group>"; };
		966265832811473C00CF37B1 /* VkPixelDescriptorSetLayout.h */ = {isa = PBXFileReference; lastKnownFileType = sourcecode.c.h; path = VkPixelDescriptorSetLayout.h; sourceTree = "<group>"; };
		96626585281147EA00CF37B1 /* VkPixelDescriptorSet.cpp */ = {isa = PBXFileReference; lastKnownFileType = sourcecode.cpp.cpp; path = VkPixelDescriptorSet.cpp; sourceTree = "<group>"; };
		96626586281147EA00CF37B1 /* VkPixelDescriptorSet.h */ = {isa = PBXFileReference; lastKnownFileType = sourcecode.c.h; path = VkPixelDescriptorSet.h; sourceTree = "<group>"; };
		966265882811497B00CF37B1 /* VkPixelUniform.cpp */ = {isa = PBXFileReference; lastKnownFileType = sourcecode.cpp.cpp; path = VkPixelUniform.cpp; sourceTree = "<group>"; };
		966265892811497B00CF37B1 /* VkPixelUniform.h */ = {isa = PBXFileReference; lastKnownFileType = sourcecode.c.h; path = VkPixelUniform.h; sourceTree = "<group>"; };
		9662658B28114B8400CF37B1 /* VkPixelModel.cpp */ = {isa = PBXFileReference; lastKnownFileType = sourcecode.cpp.cpp; path = VkPixelModel.cpp; sourceTree = "<group>"; };
		9662658C28114B8400CF37B1 /* VkPixelModel.h */ = {isa = PBXFileReference; lastKnownFileType = sourcecode.c.h; path = VkPixelModel.h; sourceTree = "<group>"; };
		966265942811511F00CF37B1 /* lessionShader.frag */ = {isa = PBXFileReference; fileEncoding = 4; lastKnownFileType = sourcecode.glsl; path = lessionShader.frag; sourceTree = "<group>"; };
		966265952811511F00CF37B1 /* compile.sh */ = {isa = PBXFileReference; fileEncoding = 4; lastKnownFileType = text.script.sh; path = compile.sh; sourceTree = "<group>"; };
		966265962811511F00CF37B1 /* lessionShader.vert */ = {isa = PBXFileReference; fileEncoding = 4; lastKnownFileType = sourcecode.glsl; path = lessionShader.vert; sourceTree = "<group>"; };
		966265972811511F00CF37B1 /* fs.spv */ = {isa = PBXFileReference; lastKnownFileType = file; path = fs.spv; sourceTree = "<group>"; };
		966265982811511F00CF37B1 /* vs.spv */ = {isa = PBXFileReference; lastKnownFileType = file; path = vs.spv; sourceTree = "<group>"; };
		96AC9D6C27EC560600E6127B /* VkPixel */ = {isa = PBXFileReference; explicitFileType = "compiled.mach-o.executable"; includeInIndex = 0; path = VkPixel; sourceTree = BUILT_PRODUCTS_DIR; };
		96AC9D7727EC56DF00E6127B /* libglfw.3.3.dylib */ = {isa = PBXFileReference; lastKnownFileType = "compiled.mach-o.dylib"; name = libglfw.3.3.dylib; path = ../../../../usr/local/lib/libglfw.3.3.dylib; sourceTree = "<group>"; };
		96AC9D7927EC572B00E6127B /* libvulkan.1.3.204.dylib */ = {isa = PBXFileReference; lastKnownFileType = "compiled.mach-o.dylib"; name = libvulkan.1.3.204.dylib; path = ../../VulkanSDK/1.3.204.1/macOS/lib/libvulkan.1.3.204.dylib; sourceTree = "<group>"; };
		96AC9D7B27EC573A00E6127B /* libvulkan.1.dylib */ = {isa = PBXFileReference; lastKnownFileType = "compiled.mach-o.dylib"; name = libvulkan.1.dylib; path = ../../VulkanSDK/1.3.204.1/macOS/lib/libvulkan.1.dylib; sourceTree = "<group>"; };
		96AC9D8027EC59DC00E6127B /* libglfw.dylib */ = {isa = PBXFileReference; lastKnownFileType = "compiled.mach-o.dylib"; name = libglfw.dylib; path = ../../../../usr/local/lib/libglfw.dylib; sourceTree = "<group>"; };
		96AC9D8127EC59DC00E6127B /* libglfw.3.dylib */ = {isa = PBXFileReference; lastKnownFileType = "compiled.mach-o.dylib"; name = libglfw.3.dylib; path = ../../../../usr/local/lib/libglfw.3.dylib; sourceTree = "<group>"; };
		96E288EE280C4B810029D5E3 /* README.md */ = {isa = PBXFileReference; lastKnownFileType = net.daringfireball.markdown; path = README.md; sourceTree = "<group>"; };
/* End PBXFileReference section */

/* Begin PBXFrameworksBuildPhase section */
		96AC9D6927EC560600E6127B /* Frameworks */ = {
			isa = PBXFrameworksBuildPhase;
			buildActionMask = 2147483647;
			files = (
				96AC9D7C27EC573A00E6127B /* libvulkan.1.dylib in Frameworks */,
				96AC9D7A27EC572B00E6127B /* libvulkan.1.3.204.dylib in Frameworks */,
				96AC9D7827EC56DF00E6127B /* libglfw.3.3.dylib in Frameworks */,
				96AC9D8227EC59DC00E6127B /* libglfw.dylib in Frameworks */,
				96AC9D8327EC59DC00E6127B /* libglfw.3.dylib in Frameworks */,
			);
			runOnlyForDeploymentPostprocessing = 0;
		};
/* End PBXFrameworksBuildPhase section */

/* Begin PBXGroup section */
		966265392811053300CF37B1 /* uniform */ = {
			isa = PBXGroup;
			children = (
				9662657C281145F500CF37B1 /* VkPixelDescriptor.cpp */,
				9662657D281145F500CF37B1 /* VkPixelDescriptor.h */,
				9662657F2811465100CF37B1 /* VkPixelDescriptorPool.cpp */,
				966265802811465100CF37B1 /* VkPixelDescriptorPool.h */,
				966265822811473C00CF37B1 /* VkPixelDescriptorSetLayout.cpp */,
				966265832811473C00CF37B1 /* VkPixelDescriptorSetLayout.h */,
				96626585281147EA00CF37B1 /* VkPixelDescriptorSet.cpp */,
				96626586281147EA00CF37B1 /* VkPixelDescriptorSet.h */,
				966265882811497B00CF37B1 /* VkPixelUniform.cpp */,
				966265892811497B00CF37B1 /* VkPixelUniform.h */,
			);
			path = uniform;
			sourceTree = "<group>";
		};
		9662653A2811053300CF37B1 /* cmdbuf */ = {
			isa = PBXGroup;
			children = (
				9662655E28112E0A00CF37B1 /* VkPixelCommandPool.cpp */,
				9662655F28112E0A00CF37B1 /* VkPixelCommandPool.h */,
				9662656128112F7100CF37B1 /* VkPixelBuffer.cpp */,
				9662656228112F7100CF37B1 /* VkPixelBuffer.h */,
				9662656428112F7F00CF37B1 /* VkPixelCommandBuffer.cpp */,
				9662656528112F7F00CF37B1 /* VkPixelCommandBuffer.h */,
			);
			path = cmdbuf;
			sourceTree = "<group>";
		};
		9662653B2811053300CF37B1 /* common */ = {
			isa = PBXGroup;
			children = (
				9662654B2811080800CF37B1 /* VkPixelBase.h */,
				966265752811445C00CF37B1 /* VkPixelFence.cpp */,
				966265762811445C00CF37B1 /* VkPixelFence.h */,
				96626578281144FD00CF37B1 /* VkPxielSemaphore.cpp */,
				96626579281144FD00CF37B1 /* VkPxielSemaphore.h */,
			);
			path = common;
			sourceTree = "<group>";
		};
		9662653C2811053300CF37B1 /* device */ = {
			isa = PBXGroup;
			children = (
				966265442811073000CF37B1 /* VkPixelDevice.cpp */,
				966265452811073000CF37B1 /* VkPixelDevice.h */,
				966265472811077F00CF37B1 /* VkPixelInstace.cpp */,
				966265482811077F00CF37B1 /* VkPixelInstace.h */,
				9662655228111CB200CF37B1 /* VkPixelSwapChain.cpp */,
				9662655328111CB200CF37B1 /* VkPixelSwapChain.h */,
			);
			path = device;
			sourceTree = "<group>";
		};
		9662653D2811053800CF37B1 /* pipeline */ = {
			isa = PBXGroup;
			children = (
				9662655528112AD700CF37B1 /* VkPixelRenderPass.cpp */,
				9662655628112AD700CF37B1 /* VkPixelRenderPass.h */,
				96626572281142B200CF37B1 /* VkPixelPipeline.cpp */,
				96626573281142B200CF37B1 /* VkPixelPipeline.h */,
			);
			path = pipeline;
			sourceTree = "<group>";
		};
		9662653F2811054300CF37B1 /* window */ = {
			isa = PBXGroup;
			children = (
				9662654C28110AAA00CF37B1 /* VkPixelWindow.cpp */,
				9662654D28110AAB00CF37B1 /* VkPixelWindow.h */,
				9662654F28110AB600CF37B1 /* VkPixelSurface.cpp */,
				9662655028110AB600CF37B1 /* VkPixelSurface.h */,
			);
			path = window;
			sourceTree = "<group>";
		};
		966265402811054300CF37B1 /* resource */ = {
			isa = PBXGroup;
			children = (
				966265412811054300CF37B1 /* bgra.jpg */,
			);
			path = resource;
			sourceTree = "<group>";
		};
		966265422811054300CF37B1 /* texture */ = {
			isa = PBXGroup;
			children = (
				96626571281140CA00CF37B1 /* stb_image.h */,
				9662655828112D4B00CF37B1 /* VkPixelShader.cpp */,
				9662655928112D4B00CF37B1 /* VkPixelShader.h */,
				9662655B28112DC400CF37B1 /* VkPixelImage.cpp */,
				9662655C28112DC400CF37B1 /* VkPixelImage.h */,
				9662656B2811402100CF37B1 /* VkPixelSampler.cpp */,
				9662656C2811402100CF37B1 /* VkPixelSampler.h */,
				9662656E281140A900CF37B1 /* VkPixelTexture.cpp */,
				9662656F281140A900CF37B1 /* VkPixelTexture.h */,
				9662658B28114B8400CF37B1 /* VkPixelModel.cpp */,
				9662658C28114B8400CF37B1 /* VkPixelModel.h */,
			);
			path = texture;
			sourceTree = "<group>";
		};
		966265432811055800CF37B1 /* src */ = {
			isa = PBXGroup;
			children = (
				9662658E28114DB700CF37B1 /* shader */,
				9662653A2811053300CF37B1 /* cmdbuf */,
				9662653B2811053300CF37B1 /* common */,
				9662653C2811053300CF37B1 /* device */,
				9662653D2811053800CF37B1 /* pipeline */,
				966265422811054300CF37B1 /* texture */,
				966265392811053300CF37B1 /* uniform */,
				9662653F2811054300CF37B1 /* window */,
			);
			path = src;
			sourceTree = "<group>";
		};
		9662658E28114DB700CF37B1 /* shader */ = {
			isa = PBXGroup;
			children = (
				966265952811511F00CF37B1 /* compile.sh */,
				966265972811511F00CF37B1 /* fs.spv */,
				966265942811511F00CF37B1 /* lessionShader.frag */,
				966265962811511F00CF37B1 /* lessionShader.vert */,
				966265982811511F00CF37B1 /* vs.spv */,
			);
			path = shader;
			sourceTree = "<group>";
		};
		96AC9D6327EC560500E6127B = {
			isa = PBXGroup;
			children = (
				96AC9D6E27EC560600E6127B /* VkPixel */,
				96AC9D6D27EC560600E6127B /* Products */,
				96AC9D7627EC56DF00E6127B /* Frameworks */,
			);
			sourceTree = "<group>";
		};
		96AC9D6D27EC560600E6127B /* Products */ = {
			isa = PBXGroup;
			children = (
				96AC9D6C27EC560600E6127B /* VkPixel */,
			);
			name = Products;
			sourceTree = "<group>";
		};
		96AC9D6E27EC560600E6127B /* VkPixel */ = {
			isa = PBXGroup;
			children = (
				966265402811054300CF37B1 /* resource */,
				966265432811055800CF37B1 /* src */,
				96E288EE280C4B810029D5E3 /* README.md */,
				966265342811046800CF37B1 /* main.cpp */,
				96626536281104AD00CF37B1 /* VkApp.cpp */,
				96626537281104AD00CF37B1 /* VkApp.h */,
			);
			path = VkPixel;
			sourceTree = "<group>";
		};
		96AC9D7627EC56DF00E6127B /* Frameworks */ = {
			isa = PBXGroup;
			children = (
				96AC9D8127EC59DC00E6127B /* libglfw.3.dylib */,
				96AC9D8027EC59DC00E6127B /* libglfw.dylib */,
				96AC9D7B27EC573A00E6127B /* libvulkan.1.dylib */,
				96AC9D7927EC572B00E6127B /* libvulkan.1.3.204.dylib */,
				96AC9D7727EC56DF00E6127B /* libglfw.3.3.dylib */,
			);
			name = Frameworks;
			sourceTree = "<group>";
		};
/* End PBXGroup section */

/* Begin PBXNativeTarget section */
		96AC9D6B27EC560600E6127B /* VkPixel */ = {
			isa = PBXNativeTarget;
			buildConfigurationList = 96AC9D7327EC560600E6127B /* Build configuration list for PBXNativeTarget "VkPixel" */;
			buildPhases = (
				96AC9D6827EC560600E6127B /* Sources */,
				96AC9D6927EC560600E6127B /* Frameworks */,
				96AC9D6A27EC560600E6127B /* CopyFiles */,
			);
			buildRules = (
			);
			dependencies = (
			);
			name = VkPixel;
			productName = vulkan;
			productReference = 96AC9D6C27EC560600E6127B /* VkPixel */;
			productType = "com.apple.product-type.tool";
		};
/* End PBXNativeTarget section */

/* Begin PBXProject section */
		96AC9D6427EC560600E6127B /* Project object */ = {
			isa = PBXProject;
			attributes = {
				BuildIndependentTargetsInParallel = 1;
				LastUpgradeCheck = 1330;
				TargetAttributes = {
					96AC9D6B27EC560600E6127B = {
						CreatedOnToolsVersion = 13.3;
					};
				};
			};
			buildConfigurationList = 96AC9D6727EC560600E6127B /* Build configuration list for PBXProject "VkPixel" */;
			compatibilityVersion = "Xcode 13.0";
			developmentRegion = en;
			hasScannedForEncodings = 0;
			knownRegions = (
				en,
				Base,
			);
			mainGroup = 96AC9D6327EC560500E6127B;
			productRefGroup = 96AC9D6D27EC560600E6127B /* Products */;
			projectDirPath = "";
			projectRoot = "";
			targets = (
				96AC9D6B27EC560600E6127B /* VkPixel */,
			);
		};
/* End PBXProject section */

/* Begin PBXSourcesBuildPhase section */
		96AC9D6827EC560600E6127B /* Sources */ = {
			isa = PBXSourcesBuildPhase;
			buildActionMask = 2147483647;
			files = (
				9662655728112AD700CF37B1 /* VkPixelRenderPass.cpp in Sources */,
				9662655D28112DC400CF37B1 /* VkPixelImage.cpp in Sources */,
				966265812811465100CF37B1 /* VkPixelDescriptorPool.cpp in Sources */,
				96626587281147EA00CF37B1 /* VkPixelDescriptorSet.cpp in Sources */,
				96626538281104AD00CF37B1 /* VkApp.cpp in Sources */,
				9662658D28114B8400CF37B1 /* VkPixelModel.cpp in Sources */,
				9662657E281145F500CF37B1 /* VkPixelDescriptor.cpp in Sources */,
				9662654E28110AAB00CF37B1 /* VkPixelWindow.cpp in Sources */,
				9662656D2811402100CF37B1 /* VkPixelSampler.cpp in Sources */,
				9662656028112E0A00CF37B1 /* VkPixelCommandPool.cpp in Sources */,
				9662656328112F7100CF37B1 /* VkPixelBuffer.cpp in Sources */,
				966265492811077F00CF37B1 /* VkPixelInstace.cpp in Sources */,
				9662657A281144FD00CF37B1 /* VkPxielSemaphore.cpp in Sources */,
				96626570281140A900CF37B1 /* VkPixelTexture.cpp in Sources */,
				9662655128110AB600CF37B1 /* VkPixelSurface.cpp in Sources */,
				966265462811073000CF37B1 /* VkPixelDevice.cpp in Sources */,
				9662658A2811497B00CF37B1 /* VkPixelUniform.cpp in Sources */,
				9662656628112F7F00CF37B1 /* VkPixelCommandBuffer.cpp in Sources */,
				9662655A28112D4B00CF37B1 /* VkPixelShader.cpp in Sources */,
				96626574281142B200CF37B1 /* VkPixelPipeline.cpp in Sources */,
				9662655428111CB200CF37B1 /* VkPixelSwapChain.cpp in Sources */,
				966265772811445C00CF37B1 /* VkPixelFence.cpp in Sources */,
				966265352811046800CF37B1 /* main.cpp in Sources */,
				966265842811473C00CF37B1 /* VkPixelDescriptorSetLayout.cpp in Sources */,
			);
			runOnlyForDeploymentPostprocessing = 0;
		};
/* End PBXSourcesBuildPhase section */

/* Begin XCBuildConfiguration section */
		96AC9D7127EC560600E6127B /* Debug */ = {
			isa = XCBuildConfiguration;
			buildSettings = {
				ALWAYS_SEARCH_USER_PATHS = NO;
				CLANG_ANALYZER_NONNULL = YES;
				CLANG_ANALYZER_NUMBER_OBJECT_CONVERSION = YES_AGGRESSIVE;
				CLANG_CXX_LANGUAGE_STANDARD = "gnu++17";
				CLANG_ENABLE_MODULES = YES;
				CLANG_ENABLE_OBJC_ARC = YES;
				CLANG_ENABLE_OBJC_WEAK = YES;
				CLANG_WARN_BLOCK_CAPTURE_AUTORELEASING = YES;
				CLANG_WARN_BOOL_CONVERSION = YES;
				CLANG_WARN_COMMA = YES;
				CLANG_WARN_CONSTANT_CONVERSION = YES;
				CLANG_WARN_DEPRECATED_OBJC_IMPLEMENTATIONS = YES;
				CLANG_WARN_DIRECT_OBJC_ISA_USAGE = YES_ERROR;
				CLANG_WARN_DOCUMENTATION_COMMENTS = YES;
				CLANG_WARN_EMPTY_BODY = YES;
				CLANG_WARN_ENUM_CONVERSION = YES;
				CLANG_WARN_INFINITE_RECURSION = YES;
				CLANG_WARN_INT_CONVERSION = YES;
				CLANG_WARN_NON_LITERAL_NULL_CONVERSION = YES;
				CLANG_WARN_OBJC_IMPLICIT_RETAIN_SELF = YES;
				CLANG_WARN_OBJC_LITERAL_CONVERSION = YES;
				CLANG_WARN_OBJC_ROOT_CLASS = YES_ERROR;
				CLANG_WARN_QUOTED_INCLUDE_IN_FRAMEWORK_HEADER = YES;
				CLANG_WARN_RANGE_LOOP_ANALYSIS = YES;
				CLANG_WARN_STRICT_PROTOTYPES = YES;
				CLANG_WARN_SUSPICIOUS_MOVE = YES;
				CLANG_WARN_UNGUARDED_AVAILABILITY = YES_AGGRESSIVE;
				CLANG_WARN_UNREACHABLE_CODE = YES;
				CLANG_WARN__DUPLICATE_METHOD_MATCH = YES;
				COPY_PHASE_STRIP = NO;
				DEBUG_INFORMATION_FORMAT = dwarf;
				ENABLE_STRICT_OBJC_MSGSEND = YES;
				ENABLE_TESTABILITY = YES;
				GCC_C_LANGUAGE_STANDARD = gnu11;
				GCC_DYNAMIC_NO_PIC = NO;
				GCC_NO_COMMON_BLOCKS = YES;
				GCC_OPTIMIZATION_LEVEL = 0;
				GCC_PREPROCESSOR_DEFINITIONS = (
					"DEBUG=1",
					"$(inherited)",
				);
				GCC_WARN_64_TO_32_BIT_CONVERSION = YES;
				GCC_WARN_ABOUT_RETURN_TYPE = YES_ERROR;
				GCC_WARN_UNDECLARED_SELECTOR = YES;
				GCC_WARN_UNINITIALIZED_AUTOS = YES_AGGRESSIVE;
				GCC_WARN_UNUSED_FUNCTION = YES;
				GCC_WARN_UNUSED_VARIABLE = YES;
				MACOSX_DEPLOYMENT_TARGET = 12.2;
				MTL_ENABLE_DEBUG_INFO = INCLUDE_SOURCE;
				MTL_FAST_MATH = YES;
				ONLY_ACTIVE_ARCH = YES;
				SDKROOT = macosx;
			};
			name = Debug;
		};
		96AC9D7227EC560600E6127B /* Release */ = {
			isa = XCBuildConfiguration;
			buildSettings = {
				ALWAYS_SEARCH_USER_PATHS = NO;
				CLANG_ANALYZER_NONNULL = YES;
				CLANG_ANALYZER_NUMBER_OBJECT_CONVERSION = YES_AGGRESSIVE;
				CLANG_CXX_LANGUAGE_STANDARD = "gnu++17";
				CLANG_ENABLE_MODULES = YES;
				CLANG_ENABLE_OBJC_ARC = YES;
				CLANG_ENABLE_OBJC_WEAK = YES;
				CLANG_WARN_BLOCK_CAPTURE_AUTORELEASING = YES;
				CLANG_WARN_BOOL_CONVERSION = YES;
				CLANG_WARN_COMMA = YES;
				CLANG_WARN_CONSTANT_CONVERSION = YES;
				CLANG_WARN_DEPRECATED_OBJC_IMPLEMENTATIONS = YES;
				CLANG_WARN_DIRECT_OBJC_ISA_USAGE = YES_ERROR;
				CLANG_WARN_DOCUMENTATION_COMMENTS = YES;
				CLANG_WARN_EMPTY_BODY = YES;
				CLANG_WARN_ENUM_CONVERSION = YES;
				CLANG_WARN_INFINITE_RECURSION = YES;
				CLANG_WARN_INT_CONVERSION = YES;
				CLANG_WARN_NON_LITERAL_NULL_CONVERSION = YES;
				CLANG_WARN_OBJC_IMPLICIT_RETAIN_SELF = YES;
				CLANG_WARN_OBJC_LITERAL_CONVERSION = YES;
				CLANG_WARN_OBJC_ROOT_CLASS = YES_ERROR;
				CLANG_WARN_QUOTED_INCLUDE_IN_FRAMEWORK_HEADER = YES;
				CLANG_WARN_RANGE_LOOP_ANALYSIS = YES;
				CLANG_WARN_STRICT_PROTOTYPES = YES;
				CLANG_WARN_SUSPICIOUS_MOVE = YES;
				CLANG_WARN_UNGUARDED_AVAILABILITY = YES_AGGRESSIVE;
				CLANG_WARN_UNREACHABLE_CODE = YES;
				CLANG_WARN__DUPLICATE_METHOD_MATCH = YES;
				COPY_PHASE_STRIP = NO;
				DEBUG_INFORMATION_FORMAT = "dwarf-with-dsym";
				ENABLE_NS_ASSERTIONS = NO;
				ENABLE_STRICT_OBJC_MSGSEND = YES;
				GCC_C_LANGUAGE_STANDARD = gnu11;
				GCC_NO_COMMON_BLOCKS = YES;
				GCC_WARN_64_TO_32_BIT_CONVERSION = YES;
				GCC_WARN_ABOUT_RETURN_TYPE = YES_ERROR;
				GCC_WARN_UNDECLARED_SELECTOR = YES;
				GCC_WARN_UNINITIALIZED_AUTOS = YES_AGGRESSIVE;
				GCC_WARN_UNUSED_FUNCTION = YES;
				GCC_WARN_UNUSED_VARIABLE = YES;
				MACOSX_DEPLOYMENT_TARGET = 12.2;
				MTL_ENABLE_DEBUG_INFO = NO;
				MTL_FAST_MATH = YES;
				SDKROOT = macosx;
			};
			name = Release;
		};
		96AC9D7427EC560600E6127B /* Debug */ = {
			isa = XCBuildConfiguration;
			buildSettings = {
				CODE_SIGN_STYLE = Automatic;
				HEADER_SEARCH_PATHS = /usr/local/include;
				LIBRARY_SEARCH_PATHS = /usr/local/lib;
				PRODUCT_NAME = "$(TARGET_NAME)";
				SYSTEM_HEADER_SEARCH_PATHS = "";
			};
			name = Debug;
		};
		96AC9D7527EC560600E6127B /* Release */ = {
			isa = XCBuildConfiguration;
			buildSettings = {
				CODE_SIGN_STYLE = Automatic;
				HEADER_SEARCH_PATHS = /usr/local/include;
				LIBRARY_SEARCH_PATHS = /usr/local/lib;
				PRODUCT_NAME = "$(TARGET_NAME)";
				SYSTEM_HEADER_SEARCH_PATHS = "";
			};
			name = Release;
		};
/* End XCBuildConfiguration section */

/* Begin XCConfigurationList section */
		96AC9D6727EC560600E6127B /* Build configuration list for PBXProject "VkPixel" */ = {
			isa = XCConfigurationList;
			buildConfigurations = (
				96AC9D7127EC560600E6127B /* Debug */,
				96AC9D7227EC560600E6127B /* Release */,
			);
			defaultConfigurationIsVisible = 0;
			defaultConfigurationName = Release;
		};
		96AC9D7327EC560600E6127B /* Build configuration list for PBXNativeTarget "VkPixel" */ = {
			isa = XCConfigurationList;
			buildConfigurations = (
				96AC9D7427EC560600E6127B /* Debug */,
				96AC9D7527EC560600E6127B /* Release */,
			);
			defaultConfigurationIsVisible = 0;
			defaultConfigurationName = Release;
		};
/* End XCConfigurationList section */
	};
	rootObject = 96AC9D6427EC560600E6127B /* Project object */;
}
